
Microsoft Visual Studio Solution File, Format Version 12.00
# Visual Studio Version 16
VisualStudioVersion = 16.0.30907.101
MinimumVisualStudioVersion = 10.0.40219.1
Project("{FAE04EC0-301F-11D3-BF4B-00C04F79EFBC}") = "EnglishBattle", "EnglishBattle.csproj", "{E31684B4-4464-468B-8B41-E4DA3D9F9DEB}"
EndProject
Project("{FAE04EC0-301F-11D3-BF4B-00C04F79EFBC}") = "DbConnect.Data", "..\DbConnect\DbConnect.Data.csproj", "{EDF04ED6-3A48-4799-9E72-579D3028A874}"
EndProject
Global
	GlobalSection(SolutionConfigurationPlatforms) = preSolution
		Debug|Any CPU = Debug|Any CPU
		Release|Any CPU = Release|Any CPU
	EndGlobalSection
	GlobalSection(ProjectConfigurationPlatforms) = postSolution
		{E31684B4-4464-468B-8B41-E4DA3D9F9DEB}.Debug|Any CPU.ActiveCfg = Debug|Any CPU
		{E31684B4-4464-468B-8B41-E4DA3D9F9DEB}.Debug|Any CPU.Build.0 = Debug|Any CPU
		{E31684B4-4464-468B-8B41-E4DA3D9F9DEB}.Release|Any CPU.ActiveCfg = Release|Any CPU
		{E31684B4-4464-468B-8B41-E4DA3D9F9DEB}.Release|Any CPU.Build.0 = Release|Any CPU
		{EDF04ED6-3A48-4799-9E72-579D3028A874}.Debug|Any CPU.ActiveCfg = Debug|Any CPU
		{EDF04ED6-3A48-4799-9E72-579D3028A874}.Debug|Any CPU.Build.0 = Debug|Any CPU
		{EDF04ED6-3A48-4799-9E72-579D3028A874}.Release|Any CPU.ActiveCfg = Release|Any CPU
		{EDF04ED6-3A48-4799-9E72-579D3028A874}.Release|Any CPU.Build.0 = Release|Any CPU
	EndGlobalSection
	GlobalSection(SolutionProperties) = preSolution
		HideSolutionNode = FALSE
	EndGlobalSection
	GlobalSection(ExtensibilityGlobals) = postSolution
		SolutionGuid = {790527DE-4519-400F-B406-F00B2DFB3FD1}
	EndGlobalSection
EndGlobal
